
Microsoft Visual Studio Solution File, Format Version 12.00
# Visual Studio Version 16
VisualStudioVersion = 16.0.30611.23
MinimumVisualStudioVersion = 10.0.40219.1
Project("{FAE04EC0-301F-11D3-BF4B-00C04F79EFBC}") = "AufgabeLottery", "AufgabeLottery\AufgabeLottery.csproj", "{4CCDE58E-C657-4B6F-A5D7-B5869334793F}"
EndProject
Global
	GlobalSection(SolutionConfigurationPlatforms) = preSolution
		Debug|Any CPU = Debug|Any CPU
		Release|Any CPU = Release|Any CPU
	EndGlobalSection
	GlobalSection(ProjectConfigurationPlatforms) = postSolution
		{4CCDE58E-C657-4B6F-A5D7-B5869334793F}.Debug|Any CPU.ActiveCfg = Debug|Any CPU
		{4CCDE58E-C657-4B6F-A5D7-B5869334793F}.Debug|Any CPU.Build.0 = Debug|Any CPU
		{4CCDE58E-C657-4B6F-A5D7-B5869334793F}.Release|Any CPU.ActiveCfg = Release|Any CPU
		{4CCDE58E-C657-4B6F-A5D7-B5869334793F}.Release|Any CPU.Build.0 = Release|Any CPU
	EndGlobalSection
	GlobalSection(SolutionProperties) = preSolution
		HideSolutionNode = FALSE
	EndGlobalSection
	GlobalSection(ExtensibilityGlobals) = postSolution
		SolutionGuid = {6935A99B-19EF-4303-98A3-40B52731AAF1}
	EndGlobalSection
EndGlobal
